
Microsoft Visual Studio Solution File, Format Version 12.00
# Visual Studio 2013
VisualStudioVersion = 12.0.40629.0
MinimumVisualStudioVersion = 10.0.40219.1
Project("{FAE04EC0-301F-11D3-BF4B-00C04F79EFBC}") = "Demo", "Demo\Demo.csproj", "{61FE2CBB-DE47-4532-BEB0-699A1F990391}"
EndProject
Project("{FAE04EC0-301F-11D3-BF4B-00C04F79EFBC}") = "Src", "Src\Src.csproj", "{7C02C324-39B6-4108-86D4-6986D563C58F}"
EndProject
Global
	GlobalSection(SolutionConfigurationPlatforms) = preSolution
		Debug|Any CPU = Debug|Any CPU
		Release|Any CPU = Release|Any CPU
	EndGlobalSection
	GlobalSection(ProjectConfigurationPlatforms) = postSolution
		{61FE2CBB-DE47-4532-BEB0-699A1F990391}.Debug|Any CPU.ActiveCfg = Debug|Any CPU
		{61FE2CBB-DE47-4532-BEB0-699A1F990391}.Debug|Any CPU.Build.0 = Debug|Any CPU
		{61FE2CBB-DE47-4532-BEB0-699A1F990391}.Release|Any CPU.ActiveCfg = Release|Any CPU
		{61FE2CBB-DE47-4532-BEB0-699A1F990391}.Release|Any CPU.Build.0 = Release|Any CPU
		{7C02C324-39B6-4108-86D4-6986D563C58F}.Debug|Any CPU.ActiveCfg = Debug|Any CPU
		{7C02C324-39B6-4108-86D4-6986D563C58F}.Debug|Any CPU.Build.0 = Debug|Any CPU
		{7C02C324-39B6-4108-86D4-6986D563C58F}.Release|Any CPU.ActiveCfg = Release|Any CPU
		{7C02C324-39B6-4108-86D4-6986D563C58F}.Release|Any CPU.Build.0 = Release|Any CPU
	EndGlobalSection
	GlobalSection(SolutionProperties) = preSolution
		HideSolutionNode = FALSE
	EndGlobalSection
EndGlobal
